
Microsoft Visual Studio Solution File, Format Version 12.00
# Visual Studio Version 17
VisualStudioVersion = 17.7.34031.279
MinimumVisualStudioVersion = 10.0.40219.1
Project("{2150E333-8FDC-42A3-9474-1A3956D46DE8}") = "Task0", "Task0", "{7FCDBFC9-A587-4D15-B80F-66B97A11E8F9}"
EndProject
Project("{FAE04EC0-301F-11D3-BF4B-00C04F79EFBC}") = "Tyuiu.KhasanovRV.Sprint5.Task0.V18", "Tyuiu.KhasanovRV.Sprint5.Task0.V18\Tyuiu.KhasanovRV.Sprint5.Task0.V18.csproj", "{4FD0FB04-3721-47AF-88DD-1E98A4A37676}"
EndProject
Project("{FAE04EC0-301F-11D3-BF4B-00C04F79EFBC}") = "Tyuiu.KhasanovRV.Sprint5.Task0.V18.Lib", "Tyuiu.KhasanovRV.Sprint5.Task0.V18.Lib\Tyuiu.KhasanovRV.Sprint5.Task0.V18.Lib.csproj", "{99CC00D6-C320-4AB0-85B0-1FFAFEF188BD}"
EndProject
Project("{FAE04EC0-301F-11D3-BF4B-00C04F79EFBC}") = "Tyuiu.KhasanovRV.Sprint5.Task0.V18.Test", "Tyuiu.KhasanovRV.Sprint5.Task0.V18.Test\Tyuiu.KhasanovRV.Sprint5.Task0.V18.Test.csproj", "{8D7830F7-D010-4DB8-A838-A360F62F0605}"
EndProject
Project("{2150E333-8FDC-42A3-9474-1A3956D46DE8}") = "Task1", "Task1", "{35AC2BE1-03E3-4C24-9CBA-A6630D0B0029}"
EndProject
Project("{FAE04EC0-301F-11D3-BF4B-00C04F79EFBC}") = "Tyuiu.KhasanovRV.Sprint5.Task1.V13", "Tyuiu.KhasanovRV.Sprint5.Task1.V13\Tyuiu.KhasanovRV.Sprint5.Task1.V13.csproj", "{F8E9D2A5-F248-4B5E-957E-03C9BB7BC498}"
EndProject
Project("{FAE04EC0-301F-11D3-BF4B-00C04F79EFBC}") = "Tyuiu.KhasanovRV.Sprint5.Task1.V13.Lib", "Tyuiu.KhasanovRV.Sprint5.Task1.V13.Lib\Tyuiu.KhasanovRV.Sprint5.Task1.V13.Lib.csproj", "{72B97C5D-595D-44C2-B0AF-23DA67397C53}"
EndProject
Project("{FAE04EC0-301F-11D3-BF4B-00C04F79EFBC}") = "Tyuiu.KhasanovRV.Sprint5.Task1.V13.Test", "Tyuiu.KhasanovRV.Sprint5.Task1.V13.Test\Tyuiu.KhasanovRV.Sprint5.Task1.V13.Test.csproj", "{44A5CD22-7952-4852-BF1F-4C252B27E17C}"
EndProject
Project("{2150E333-8FDC-42A3-9474-1A3956D46DE8}") = "Task2", "Task2", "{76B82EAB-FEFE-4BA6-B3A2-A13DBAFFBD26}"
EndProject
Project("{FAE04EC0-301F-11D3-BF4B-00C04F79EFBC}") = "Tyuiu.KhasanovRV.Sprint5.Task2.V7", "Tyuiu.KhasanovRV.Sprint5.Task2.V7\Tyuiu.KhasanovRV.Sprint5.Task2.V7.csproj", "{D69641C5-666B-4EE2-95F1-75E3C885BB04}"
EndProject
Project("{FAE04EC0-301F-11D3-BF4B-00C04F79EFBC}") = "Tyuiu.KhasanovRV.Sprint5.Task2.V7.Lib", "Tyuiu.KhasanovRV.Sprint5.Task2.V7.Lib\Tyuiu.KhasanovRV.Sprint5.Task2.V7.Lib.csproj", "{CE3A3AEB-A767-4E39-861A-5EE171714089}"
EndProject
Project("{FAE04EC0-301F-11D3-BF4B-00C04F79EFBC}") = "Tyuiu.KhasanovRV.Sprint5.Task2.V7.Test", "Tyuiu.KhasanovRV.Sprint5.Task2.V7.Test\Tyuiu.KhasanovRV.Sprint5.Task2.V7.Test.csproj", "{654E200C-22C6-4F85-831C-982522E9E10F}"
EndProject
Project("{2150E333-8FDC-42A3-9474-1A3956D46DE8}") = "Task3", "Task3", "{C6D15DA1-48E3-4B84-8FED-4E5EDB84F9ED}"
EndProject
Project("{FAE04EC0-301F-11D3-BF4B-00C04F79EFBC}") = "Tyuiu.KhasanovRV.Sprint5.Task3.V17", "Tyuiu.KhasanovRV.Sprint5.Task3.V17\Tyuiu.KhasanovRV.Sprint5.Task3.V17.csproj", "{7C0F0EF3-9EE0-45A0-8B2D-449EA1ADD8B7}"
EndProject
Project("{FAE04EC0-301F-11D3-BF4B-00C04F79EFBC}") = "Tyuiu.KhasanovRV.Sprint5.Task3.V17.Lib", "Tyuiu.KhasanovRV.Sprint5.Task3.V17.Lib\Tyuiu.KhasanovRV.Sprint5.Task3.V17.Lib.csproj", "{D13C1ACE-A4BE-4440-BFEF-09F33B8BFC2B}"
EndProject
Project("{FAE04EC0-301F-11D3-BF4B-00C04F79EFBC}") = "Tyuiu.KhasanovRV.Sprint5.Task3.V17.Test", "Tyuiu.KhasanovRV.Sprint5.Task3.V17.Test\Tyuiu.KhasanovRV.Sprint5.Task3.V17.Test.csproj", "{5ED38416-93B1-47DB-87CE-0FABEC94FD5B}"
EndProject
Project("{2150E333-8FDC-42A3-9474-1A3956D46DE8}") = "Task4", "Task4", "{CBE441A0-7C17-488A-8376-9F9B726FCE56}"
EndProject
Project("{FAE04EC0-301F-11D3-BF4B-00C04F79EFBC}") = "Tyuiu.KhasanovRV.Sprint5.Task4.V29", "Tyuiu.KhasanovRV.Sprint5.Task4.V29\Tyuiu.KhasanovRV.Sprint5.Task4.V29.csproj", "{1F6A501F-A391-46D6-895B-A79C565A0CD9}"
EndProject
Project("{FAE04EC0-301F-11D3-BF4B-00C04F79EFBC}") = "Tyuiu.KhasanovRV.Sprint5.Task4.V29.Lib", "Tyuiu.KhasanovRV.Sprint5.Task4.V29.Lib\Tyuiu.KhasanovRV.Sprint5.Task4.V29.Lib.csproj", "{9320B4C3-B16D-4EA3-93F7-08ED3513A184}"
EndProject
Project("{FAE04EC0-301F-11D3-BF4B-00C04F79EFBC}") = "Tyuiu.KhasanovRV.Sprint5.Task4.V29.Test", "Tyuiu.KhasanovRV.Sprint5.Task4.V29.Test\Tyuiu.KhasanovRV.Sprint5.Task4.V29.Test.csproj", "{09050397-D5C1-4A7C-8607-66AC4CDE194D}"
EndProject
Project("{2150E333-8FDC-42A3-9474-1A3956D46DE8}") = "Task5", "Task5", "{C49B28FB-FDE0-4D54-A6C8-83CF245BE9D9}"
EndProject
Project("{FAE04EC0-301F-11D3-BF4B-00C04F79EFBC}") = "Tyuiu.KhasanovRV.Sprint5.Task5.V7", "Tyuiu.KhasanovRV.Sprint5.Task5.V7\Tyuiu.KhasanovRV.Sprint5.Task5.V7.csproj", "{E927A417-C1F2-48D5-9C68-B4D460AD4844}"
EndProject
Project("{FAE04EC0-301F-11D3-BF4B-00C04F79EFBC}") = "Tyuiu.KhasanovRV.Sprint5.Task5.V7.Lib", "Tyuiu.KhasanovRV.Sprint5.Task5.V7.Lib\Tyuiu.KhasanovRV.Sprint5.Task5.V7.Lib.csproj", "{2AA0BE2D-7C8E-42B9-AE7C-6045F94B1EBD}"
EndProject
Project("{FAE04EC0-301F-11D3-BF4B-00C04F79EFBC}") = "Tyuiu.KhasanovRV.Sprint5.Task5.V7.Test", "Tyuiu.KhasanovRV.Sprint5.Task5.V7.Test\Tyuiu.KhasanovRV.Sprint5.Task5.V7.Test.csproj", "{D62B1425-3F51-41C6-87F7-D3B8094D8836}"
EndProject
Global
	GlobalSection(SolutionConfigurationPlatforms) = preSolution
		Debug|Any CPU = Debug|Any CPU
		Release|Any CPU = Release|Any CPU
	EndGlobalSection
	GlobalSection(ProjectConfigurationPlatforms) = postSolution
		{4FD0FB04-3721-47AF-88DD-1E98A4A37676}.Debug|Any CPU.ActiveCfg = Debug|Any CPU
		{4FD0FB04-3721-47AF-88DD-1E98A4A37676}.Debug|Any CPU.Build.0 = Debug|Any CPU
		{4FD0FB04-3721-47AF-88DD-1E98A4A37676}.Release|Any CPU.ActiveCfg = Release|Any CPU
		{4FD0FB04-3721-47AF-88DD-1E98A4A37676}.Release|Any CPU.Build.0 = Release|Any CPU
		{99CC00D6-C320-4AB0-85B0-1FFAFEF188BD}.Debug|Any CPU.ActiveCfg = Debug|Any CPU
		{99CC00D6-C320-4AB0-85B0-1FFAFEF188BD}.Debug|Any CPU.Build.0 = Debug|Any CPU
		{99CC00D6-C320-4AB0-85B0-1FFAFEF188BD}.Release|Any CPU.ActiveCfg = Release|Any CPU
		{99CC00D6-C320-4AB0-85B0-1FFAFEF188BD}.Release|Any CPU.Build.0 = Release|Any CPU
		{8D7830F7-D010-4DB8-A838-A360F62F0605}.Debug|Any CPU.ActiveCfg = Debug|Any CPU
		{8D7830F7-D010-4DB8-A838-A360F62F0605}.Debug|Any CPU.Build.0 = Debug|Any CPU
		{8D7830F7-D010-4DB8-A838-A360F62F0605}.Release|Any CPU.ActiveCfg = Release|Any CPU
		{8D7830F7-D010-4DB8-A838-A360F62F0605}.Release|Any CPU.Build.0 = Release|Any CPU
		{F8E9D2A5-F248-4B5E-957E-03C9BB7BC498}.Debug|Any CPU.ActiveCfg = Debug|Any CPU
		{F8E9D2A5-F248-4B5E-957E-03C9BB7BC498}.Debug|Any CPU.Build.0 = Debug|Any CPU
		{F8E9D2A5-F248-4B5E-957E-03C9BB7BC498}.Release|Any CPU.ActiveCfg = Release|Any CPU
		{F8E9D2A5-F248-4B5E-957E-03C9BB7BC498}.Release|Any CPU.Build.0 = Release|Any CPU
		{72B97C5D-595D-44C2-B0AF-23DA67397C53}.Debug|Any CPU.ActiveCfg = Debug|Any CPU
		{72B97C5D-595D-44C2-B0AF-23DA67397C53}.Debug|Any CPU.Build.0 = Debug|Any CPU
		{72B97C5D-595D-44C2-B0AF-23DA67397C53}.Release|Any CPU.ActiveCfg = Release|Any CPU
		{72B97C5D-595D-44C2-B0AF-23DA67397C53}.Release|Any CPU.Build.0 = Release|Any CPU
		{44A5CD22-7952-4852-BF1F-4C252B27E17C}.Debug|Any CPU.ActiveCfg = Debug|Any CPU
		{44A5CD22-7952-4852-BF1F-4C252B27E17C}.Debug|Any CPU.Build.0 = Debug|Any CPU
		{44A5CD22-7952-4852-BF1F-4C252B27E17C}.Release|Any CPU.ActiveCfg = Release|Any CPU
		{44A5CD22-7952-4852-BF1F-4C252B27E17C}.Release|Any CPU.Build.0 = Release|Any CPU
		{D69641C5-666B-4EE2-95F1-75E3C885BB04}.Debug|Any CPU.ActiveCfg = Debug|Any CPU
		{D69641C5-666B-4EE2-95F1-75E3C885BB04}.Debug|Any CPU.Build.0 = Debug|Any CPU
		{D69641C5-666B-4EE2-95F1-75E3C885BB04}.Release|Any CPU.ActiveCfg = Release|Any CPU
		{D69641C5-666B-4EE2-95F1-75E3C885BB04}.Release|Any CPU.Build.0 = Release|Any CPU
		{CE3A3AEB-A767-4E39-861A-5EE171714089}.Debug|Any CPU.ActiveCfg = Debug|Any CPU
		{CE3A3AEB-A767-4E39-861A-5EE171714089}.Debug|Any CPU.Build.0 = Debug|Any CPU
		{CE3A3AEB-A767-4E39-861A-5EE171714089}.Release|Any CPU.ActiveCfg = Release|Any CPU
		{CE3A3AEB-A767-4E39-861A-5EE171714089}.Release|Any CPU.Build.0 = Release|Any CPU
		{654E200C-22C6-4F85-831C-982522E9E10F}.Debug|Any CPU.ActiveCfg = Debug|Any CPU
		{654E200C-22C6-4F85-831C-982522E9E10F}.Debug|Any CPU.Build.0 = Debug|Any CPU
		{654E200C-22C6-4F85-831C-982522E9E10F}.Release|Any CPU.ActiveCfg = Release|Any CPU
		{654E200C-22C6-4F85-831C-982522E9E10F}.Release|Any CPU.Build.0 = Release|Any CPU
		{7C0F0EF3-9EE0-45A0-8B2D-449EA1ADD8B7}.Debug|Any CPU.ActiveCfg = Debug|Any CPU
		{7C0F0EF3-9EE0-45A0-8B2D-449EA1ADD8B7}.Debug|Any CPU.Build.0 = Debug|Any CPU
		{7C0F0EF3-9EE0-45A0-8B2D-449EA1ADD8B7}.Release|Any CPU.ActiveCfg = Release|Any CPU
		{7C0F0EF3-9EE0-45A0-8B2D-449EA1ADD8B7}.Release|Any CPU.Build.0 = Release|Any CPU
		{D13C1ACE-A4BE-4440-BFEF-09F33B8BFC2B}.Debug|Any CPU.ActiveCfg = Debug|Any CPU
		{D13C1ACE-A4BE-4440-BFEF-09F33B8BFC2B}.Debug|Any CPU.Build.0 = Debug|Any CPU
		{D13C1ACE-A4BE-4440-BFEF-09F33B8BFC2B}.Release|Any CPU.ActiveCfg = Release|Any CPU
		{D13C1ACE-A4BE-4440-BFEF-09F33B8BFC2B}.Release|Any CPU.Build.0 = Release|Any CPU
		{5ED38416-93B1-47DB-87CE-0FABEC94FD5B}.Debug|Any CPU.ActiveCfg = Debug|Any CPU
		{5ED38416-93B1-47DB-87CE-0FABEC94FD5B}.Debug|Any CPU.Build.0 = Debug|Any CPU
		{5ED38416-93B1-47DB-87CE-0FABEC94FD5B}.Release|Any CPU.ActiveCfg = Release|Any CPU
		{5ED38416-93B1-47DB-87CE-0FABEC94FD5B}.Release|Any CPU.Build.0 = Release|Any CPU
		{1F6A501F-A391-46D6-895B-A79C565A0CD9}.Debug|Any CPU.ActiveCfg = Debug|Any CPU
		{1F6A501F-A391-46D6-895B-A79C565A0CD9}.Debug|Any CPU.Build.0 = Debug|Any CPU
		{1F6A501F-A391-46D6-895B-A79C565A0CD9}.Release|Any CPU.ActiveCfg = Release|Any CPU
		{1F6A501F-A391-46D6-895B-A79C565A0CD9}.Release|Any CPU.Build.0 = Release|Any CPU
		{9320B4C3-B16D-4EA3-93F7-08ED3513A184}.Debug|Any CPU.ActiveCfg = Debug|Any CPU
		{9320B4C3-B16D-4EA3-93F7-08ED3513A184}.Debug|Any CPU.Build.0 = Debug|Any CPU
		{9320B4C3-B16D-4EA3-93F7-08ED3513A184}.Release|Any CPU.ActiveCfg = Release|Any CPU
		{9320B4C3-B16D-4EA3-93F7-08ED3513A184}.Release|Any CPU.Build.0 = Release|Any CPU
		{09050397-D5C1-4A7C-8607-66AC4CDE194D}.Debug|Any CPU.ActiveCfg = Debug|Any CPU
		{09050397-D5C1-4A7C-8607-66AC4CDE194D}.Debug|Any CPU.Build.0 = Debug|Any CPU
		{09050397-D5C1-4A7C-8607-66AC4CDE194D}.Release|Any CPU.ActiveCfg = Release|Any CPU
		{09050397-D5C1-4A7C-8607-66AC4CDE194D}.Release|Any CPU.Build.0 = Release|Any CPU
		{E927A417-C1F2-48D5-9C68-B4D460AD4844}.Debug|Any CPU.ActiveCfg = Debug|Any CPU
		{E927A417-C1F2-48D5-9C68-B4D460AD4844}.Debug|Any CPU.Build.0 = Debug|Any CPU
		{E927A417-C1F2-48D5-9C68-B4D460AD4844}.Release|Any CPU.ActiveCfg = Release|Any CPU
		{E927A417-C1F2-48D5-9C68-B4D460AD4844}.Release|Any CPU.Build.0 = Release|Any CPU
		{2AA0BE2D-7C8E-42B9-AE7C-6045F94B1EBD}.Debug|Any CPU.ActiveCfg = Debug|Any CPU
		{2AA0BE2D-7C8E-42B9-AE7C-6045F94B1EBD}.Debug|Any CPU.Build.0 = Debug|Any CPU
		{2AA0BE2D-7C8E-42B9-AE7C-6045F94B1EBD}.Release|Any CPU.ActiveCfg = Release|Any CPU
		{2AA0BE2D-7C8E-42B9-AE7C-6045F94B1EBD}.Release|Any CPU.Build.0 = Release|Any CPU
		{D62B1425-3F51-41C6-87F7-D3B8094D8836}.Debug|Any CPU.ActiveCfg = Debug|Any CPU
		{D62B1425-3F51-41C6-87F7-D3B8094D8836}.Debug|Any CPU.Build.0 = Debug|Any CPU
		{D62B1425-3F51-41C6-87F7-D3B8094D8836}.Release|Any CPU.ActiveCfg = Release|Any CPU
		{D62B1425-3F51-41C6-87F7-D3B8094D8836}.Release|Any CPU.Build.0 = Release|Any CPU
	EndGlobalSection
	GlobalSection(SolutionProperties) = preSolution
		HideSolutionNode = FALSE
	EndGlobalSection
	GlobalSection(NestedProjects) = preSolution
		{4FD0FB04-3721-47AF-88DD-1E98A4A37676} = {7FCDBFC9-A587-4D15-B80F-66B97A11E8F9}
		{99CC00D6-C320-4AB0-85B0-1FFAFEF188BD} = {7FCDBFC9-A587-4D15-B80F-66B97A11E8F9}
		{8D7830F7-D010-4DB8-A838-A360F62F0605} = {7FCDBFC9-A587-4D15-B80F-66B97A11E8F9}
		{F8E9D2A5-F248-4B5E-957E-03C9BB7BC498} = {35AC2BE1-03E3-4C24-9CBA-A6630D0B0029}
		{72B97C5D-595D-44C2-B0AF-23DA67397C53} = {35AC2BE1-03E3-4C24-9CBA-A6630D0B0029}
		{44A5CD22-7952-4852-BF1F-4C252B27E17C} = {35AC2BE1-03E3-4C24-9CBA-A6630D0B0029}
		{D69641C5-666B-4EE2-95F1-75E3C885BB04} = {76B82EAB-FEFE-4BA6-B3A2-A13DBAFFBD26}
		{CE3A3AEB-A767-4E39-861A-5EE171714089} = {76B82EAB-FEFE-4BA6-B3A2-A13DBAFFBD26}
		{654E200C-22C6-4F85-831C-982522E9E10F} = {76B82EAB-FEFE-4BA6-B3A2-A13DBAFFBD26}
		{7C0F0EF3-9EE0-45A0-8B2D-449EA1ADD8B7} = {C6D15DA1-48E3-4B84-8FED-4E5EDB84F9ED}
		{D13C1ACE-A4BE-4440-BFEF-09F33B8BFC2B} = {C6D15DA1-48E3-4B84-8FED-4E5EDB84F9ED}
		{5ED38416-93B1-47DB-87CE-0FABEC94FD5B} = {C6D15DA1-48E3-4B84-8FED-4E5EDB84F9ED}
		{1F6A501F-A391-46D6-895B-A79C565A0CD9} = {CBE441A0-7C17-488A-8376-9F9B726FCE56}
		{9320B4C3-B16D-4EA3-93F7-08ED3513A184} = {CBE441A0-7C17-488A-8376-9F9B726FCE56}
		{09050397-D5C1-4A7C-8607-66AC4CDE194D} = {CBE441A0-7C17-488A-8376-9F9B726FCE56}
		{E927A417-C1F2-48D5-9C68-B4D460AD4844} = {C49B28FB-FDE0-4D54-A6C8-83CF245BE9D9}
		{2AA0BE2D-7C8E-42B9-AE7C-6045F94B1EBD} = {C49B28FB-FDE0-4D54-A6C8-83CF245BE9D9}
		{D62B1425-3F51-41C6-87F7-D3B8094D8836} = {C49B28FB-FDE0-4D54-A6C8-83CF245BE9D9}
	EndGlobalSection
	GlobalSection(ExtensibilityGlobals) = postSolution
		SolutionGuid = {BD1B117A-1E6D-4E79-925F-3A7E931C980C}
	EndGlobalSection
EndGlobal
